
Microsoft Visual Studio Solution File, Format Version 12.00
Project("{2150E333-8FDC-42A3-9474-1A3956D46DE8}") = "1. Enterprise Business Rules", "1. Enterprise Business Rules", "{3FD39F10-A8F9-468A-A205-ABE3C3573D3D}"
EndProject
Project("{2150E333-8FDC-42A3-9474-1A3956D46DE8}") = "2. Application Business Rules", "2. Application Business Rules", "{9795ACC7-9C8A-4707-BAC5-9C22B67A31AA}"
EndProject
Project("{2150E333-8FDC-42A3-9474-1A3956D46DE8}") = "3. Interface Adapters", "3. Interface Adapters", "{44594EE5-99A7-44B7-82FA-B174913159CE}"
EndProject
Project("{2150E333-8FDC-42A3-9474-1A3956D46DE8}") = "4. Frameworks And Drivers", "4. Frameworks And Drivers", "{85D3791B-AE79-4694-BCD2-8FC9C1AD4611}"
EndProject
Project("{2150E333-8FDC-42A3-9474-1A3956D46DE8}") = "5. Unit Tests", "5. Unit Tests", "{37EE3307-4964-449C-8E14-2ABC6D426B69}"
EndProject
Project("{FAE04EC0-301F-11D3-BF4B-00C04F79EFBC}") = "Example.Model", "Example.Model\Example.Model.csproj", "{B1F78389-1487-4DB8-92AF-C81E509955D2}"
EndProject
Project("{FAE04EC0-301F-11D3-BF4B-00C04F79EFBC}") = "SeedWork", "SeedWork\SeedWork.csproj", "{FFBB3105-9BCF-4159-B3E1-E3E0C6A37175}"
EndProject
Project("{FAE04EC0-301F-11D3-BF4B-00C04F79EFBC}") = "Example.DTOs", "Example.DTOs\Example.DTOs.csproj", "{7353E9B7-737B-44FA-9ED1-92C5069D6BA0}"
EndProject
Project("{FAE04EC0-301F-11D3-BF4B-00C04F79EFBC}") = "Example.UseCases", "Example.UseCases\Example.UseCases.csproj", "{7D405909-4E8D-4AA7-9D9A-348E60FAE911}"
EndProject
Project("{FAE04EC0-301F-11D3-BF4B-00C04F79EFBC}") = "Example.UseCasesPorts", "Example.UseCasesPorts\Example.UseCasesPorts.csproj", "{1F66B72A-2F98-4892-9686-099C2D25A08E}"
EndProject
Project("{2150E333-8FDC-42A3-9474-1A3956D46DE8}") = "Controllers", "Controllers", "{107396E5-086F-4E4F-88E9-A9B0431A1569}"
EndProject
Project("{FAE04EC0-301F-11D3-BF4B-00C04F79EFBC}") = "Example.Controllers", "Example.Controllers\Example.Controllers.csproj", "{3DDEC1EC-CC76-456F-8A40-AA92DA48E233}"
EndProject
Project("{2150E333-8FDC-42A3-9474-1A3956D46DE8}") = "Gateways", "Gateways", "{97E8E329-487E-46F3-8A91-0830A76D73AA}"
EndProject
Project("{2150E333-8FDC-42A3-9474-1A3956D46DE8}") = "Repositories", "Repositories", "{BC95D82A-EE19-447E-A8C1-663465B2BFFC}"
EndProject
Project("{2150E333-8FDC-42A3-9474-1A3956D46DE8}") = "Presenters", "Presenters", "{C2C04EE4-F7FB-400B-ACC7-6C11E028CE7B}"
EndProject
Project("{FAE04EC0-301F-11D3-BF4B-00C04F79EFBC}") = "Example.Repositories", "Example.Repositories\Example.Repositories.csproj", "{9096DC65-DF96-4992-A293-CE2A536578F6}"
EndProject
Project("{FAE04EC0-301F-11D3-BF4B-00C04F79EFBC}") = "Example.Presenters", "Example.Presenters\Example.Presenters.csproj", "{7A20C8DD-0CC1-4DEC-896E-C3D2318F412E}"
EndProject
Project("{FAE04EC0-301F-11D3-BF4B-00C04F79EFBC}") = "Example.IoC", "Example.IoC\Example.IoC.csproj", "{9E969CD0-FF5B-465E-BAD8-41DA4B9AC317}"
EndProject
Project("{FAE04EC0-301F-11D3-BF4B-00C04F79EFBC}") = "Example.EFCore.DataContext", "Example.EFCore.DataContext\Example.EFCore.DataContext.csproj", "{9D438A4C-49CE-4E37-85D5-2ACE98DC3B6D}"
EndProject
Project("{FAE04EC0-301F-11D3-BF4B-00C04F79EFBC}") = "Example.EFCore.Repositories", "Example.EFCore.Repositories\Example.EFCore.Repositories.csproj", "{9FA01747-C7A2-4B8B-B6CE-72D503B0E03B}"
EndProject
Project("{2150E333-8FDC-42A3-9474-1A3956D46DE8}") = "Web", "Web", "{1DD363DD-19DA-4E17-987F-A33306AD9B0F}"
EndProject
Project("{FAE04EC0-301F-11D3-BF4B-00C04F79EFBC}") = "Example.WebAPI", "Example.WebAPI\Example.WebAPI.csproj", "{46F8E110-8040-422C-AF45-5020828AC7C2}"
EndProject
Project("{FAE04EC0-301F-11D3-BF4B-00C04F79EFBC}") = "Example.WebApi.Controllers", "Example.WebApi.Controllers\Example.WebApi.Controllers.csproj", "{62C23FE9-F87F-45E7-877B-4AC4AAF13E10}"
EndProject
Global
	GlobalSection(SolutionConfigurationPlatforms) = preSolution
		Debug|Any CPU = Debug|Any CPU
		Release|Any CPU = Release|Any CPU
	EndGlobalSection
	GlobalSection(NestedProjects) = preSolution
		{B1F78389-1487-4DB8-92AF-C81E509955D2} = {3FD39F10-A8F9-468A-A205-ABE3C3573D3D}
		{FFBB3105-9BCF-4159-B3E1-E3E0C6A37175} = {9795ACC7-9C8A-4707-BAC5-9C22B67A31AA}
		{7353E9B7-737B-44FA-9ED1-92C5069D6BA0} = {9795ACC7-9C8A-4707-BAC5-9C22B67A31AA}
		{7D405909-4E8D-4AA7-9D9A-348E60FAE911} = {9795ACC7-9C8A-4707-BAC5-9C22B67A31AA}
		{1F66B72A-2F98-4892-9686-099C2D25A08E} = {9795ACC7-9C8A-4707-BAC5-9C22B67A31AA}
		{107396E5-086F-4E4F-88E9-A9B0431A1569} = {44594EE5-99A7-44B7-82FA-B174913159CE}
		{3DDEC1EC-CC76-456F-8A40-AA92DA48E233} = {107396E5-086F-4E4F-88E9-A9B0431A1569}
		{97E8E329-487E-46F3-8A91-0830A76D73AA} = {44594EE5-99A7-44B7-82FA-B174913159CE}
		{BC95D82A-EE19-447E-A8C1-663465B2BFFC} = {97E8E329-487E-46F3-8A91-0830A76D73AA}
		{C2C04EE4-F7FB-400B-ACC7-6C11E028CE7B} = {44594EE5-99A7-44B7-82FA-B174913159CE}
		{9096DC65-DF96-4992-A293-CE2A536578F6} = {9795ACC7-9C8A-4707-BAC5-9C22B67A31AA}
		{7A20C8DD-0CC1-4DEC-896E-C3D2318F412E} = {C2C04EE4-F7FB-400B-ACC7-6C11E028CE7B}
		{9E969CD0-FF5B-465E-BAD8-41DA4B9AC317} = {44594EE5-99A7-44B7-82FA-B174913159CE}
		{9D438A4C-49CE-4E37-85D5-2ACE98DC3B6D} = {BC95D82A-EE19-447E-A8C1-663465B2BFFC}
		{9FA01747-C7A2-4B8B-B6CE-72D503B0E03B} = {BC95D82A-EE19-447E-A8C1-663465B2BFFC}
		{1DD363DD-19DA-4E17-987F-A33306AD9B0F} = {85D3791B-AE79-4694-BCD2-8FC9C1AD4611}
		{46F8E110-8040-422C-AF45-5020828AC7C2} = {1DD363DD-19DA-4E17-987F-A33306AD9B0F}
		{62C23FE9-F87F-45E7-877B-4AC4AAF13E10} = {107396E5-086F-4E4F-88E9-A9B0431A1569}
	EndGlobalSection
	GlobalSection(ProjectConfigurationPlatforms) = postSolution
		{B1F78389-1487-4DB8-92AF-C81E509955D2}.Debug|Any CPU.ActiveCfg = Debug|Any CPU
		{B1F78389-1487-4DB8-92AF-C81E509955D2}.Debug|Any CPU.Build.0 = Debug|Any CPU
		{B1F78389-1487-4DB8-92AF-C81E509955D2}.Release|Any CPU.ActiveCfg = Release|Any CPU
		{B1F78389-1487-4DB8-92AF-C81E509955D2}.Release|Any CPU.Build.0 = Release|Any CPU
		{FFBB3105-9BCF-4159-B3E1-E3E0C6A37175}.Debug|Any CPU.ActiveCfg = Debug|Any CPU
		{FFBB3105-9BCF-4159-B3E1-E3E0C6A37175}.Debug|Any CPU.Build.0 = Debug|Any CPU
		{FFBB3105-9BCF-4159-B3E1-E3E0C6A37175}.Release|Any CPU.ActiveCfg = Release|Any CPU
		{FFBB3105-9BCF-4159-B3E1-E3E0C6A37175}.Release|Any CPU.Build.0 = Release|Any CPU
		{7353E9B7-737B-44FA-9ED1-92C5069D6BA0}.Debug|Any CPU.ActiveCfg = Debug|Any CPU
		{7353E9B7-737B-44FA-9ED1-92C5069D6BA0}.Debug|Any CPU.Build.0 = Debug|Any CPU
		{7353E9B7-737B-44FA-9ED1-92C5069D6BA0}.Release|Any CPU.ActiveCfg = Release|Any CPU
		{7353E9B7-737B-44FA-9ED1-92C5069D6BA0}.Release|Any CPU.Build.0 = Release|Any CPU
		{7D405909-4E8D-4AA7-9D9A-348E60FAE911}.Debug|Any CPU.ActiveCfg = Debug|Any CPU
		{7D405909-4E8D-4AA7-9D9A-348E60FAE911}.Debug|Any CPU.Build.0 = Debug|Any CPU
		{7D405909-4E8D-4AA7-9D9A-348E60FAE911}.Release|Any CPU.ActiveCfg = Release|Any CPU
		{7D405909-4E8D-4AA7-9D9A-348E60FAE911}.Release|Any CPU.Build.0 = Release|Any CPU
		{1F66B72A-2F98-4892-9686-099C2D25A08E}.Debug|Any CPU.ActiveCfg = Debug|Any CPU
		{1F66B72A-2F98-4892-9686-099C2D25A08E}.Debug|Any CPU.Build.0 = Debug|Any CPU
		{1F66B72A-2F98-4892-9686-099C2D25A08E}.Release|Any CPU.ActiveCfg = Release|Any CPU
		{1F66B72A-2F98-4892-9686-099C2D25A08E}.Release|Any CPU.Build.0 = Release|Any CPU
		{3DDEC1EC-CC76-456F-8A40-AA92DA48E233}.Debug|Any CPU.ActiveCfg = Debug|Any CPU
		{3DDEC1EC-CC76-456F-8A40-AA92DA48E233}.Debug|Any CPU.Build.0 = Debug|Any CPU
		{3DDEC1EC-CC76-456F-8A40-AA92DA48E233}.Release|Any CPU.ActiveCfg = Release|Any CPU
		{3DDEC1EC-CC76-456F-8A40-AA92DA48E233}.Release|Any CPU.Build.0 = Release|Any CPU
		{9096DC65-DF96-4992-A293-CE2A536578F6}.Debug|Any CPU.ActiveCfg = Debug|Any CPU
		{9096DC65-DF96-4992-A293-CE2A536578F6}.Debug|Any CPU.Build.0 = Debug|Any CPU
		{9096DC65-DF96-4992-A293-CE2A536578F6}.Release|Any CPU.ActiveCfg = Release|Any CPU
		{9096DC65-DF96-4992-A293-CE2A536578F6}.Release|Any CPU.Build.0 = Release|Any CPU
		{7A20C8DD-0CC1-4DEC-896E-C3D2318F412E}.Debug|Any CPU.ActiveCfg = Debug|Any CPU
		{7A20C8DD-0CC1-4DEC-896E-C3D2318F412E}.Debug|Any CPU.Build.0 = Debug|Any CPU
		{7A20C8DD-0CC1-4DEC-896E-C3D2318F412E}.Release|Any CPU.ActiveCfg = Release|Any CPU
		{7A20C8DD-0CC1-4DEC-896E-C3D2318F412E}.Release|Any CPU.Build.0 = Release|Any CPU
		{9E969CD0-FF5B-465E-BAD8-41DA4B9AC317}.Debug|Any CPU.ActiveCfg = Debug|Any CPU
		{9E969CD0-FF5B-465E-BAD8-41DA4B9AC317}.Debug|Any CPU.Build.0 = Debug|Any CPU
		{9E969CD0-FF5B-465E-BAD8-41DA4B9AC317}.Release|Any CPU.ActiveCfg = Release|Any CPU
		{9E969CD0-FF5B-465E-BAD8-41DA4B9AC317}.Release|Any CPU.Build.0 = Release|Any CPU
		{9D438A4C-49CE-4E37-85D5-2ACE98DC3B6D}.Debug|Any CPU.ActiveCfg = Debug|Any CPU
		{9D438A4C-49CE-4E37-85D5-2ACE98DC3B6D}.Debug|Any CPU.Build.0 = Debug|Any CPU
		{9D438A4C-49CE-4E37-85D5-2ACE98DC3B6D}.Release|Any CPU.ActiveCfg = Release|Any CPU
		{9D438A4C-49CE-4E37-85D5-2ACE98DC3B6D}.Release|Any CPU.Build.0 = Release|Any CPU
		{9FA01747-C7A2-4B8B-B6CE-72D503B0E03B}.Debug|Any CPU.ActiveCfg = Debug|Any CPU
		{9FA01747-C7A2-4B8B-B6CE-72D503B0E03B}.Debug|Any CPU.Build.0 = Debug|Any CPU
		{9FA01747-C7A2-4B8B-B6CE-72D503B0E03B}.Release|Any CPU.ActiveCfg = Release|Any CPU
		{9FA01747-C7A2-4B8B-B6CE-72D503B0E03B}.Release|Any CPU.Build.0 = Release|Any CPU
		{46F8E110-8040-422C-AF45-5020828AC7C2}.Debug|Any CPU.ActiveCfg = Debug|Any CPU
		{46F8E110-8040-422C-AF45-5020828AC7C2}.Debug|Any CPU.Build.0 = Debug|Any CPU
		{46F8E110-8040-422C-AF45-5020828AC7C2}.Release|Any CPU.ActiveCfg = Release|Any CPU
		{46F8E110-8040-422C-AF45-5020828AC7C2}.Release|Any CPU.Build.0 = Release|Any CPU
		{62C23FE9-F87F-45E7-877B-4AC4AAF13E10}.Debug|Any CPU.ActiveCfg = Debug|Any CPU
		{62C23FE9-F87F-45E7-877B-4AC4AAF13E10}.Debug|Any CPU.Build.0 = Debug|Any CPU
		{62C23FE9-F87F-45E7-877B-4AC4AAF13E10}.Release|Any CPU.ActiveCfg = Release|Any CPU
		{62C23FE9-F87F-45E7-877B-4AC4AAF13E10}.Release|Any CPU.Build.0 = Release|Any CPU
	EndGlobalSection
EndGlobal
